// !$*UTF8*$!
{
	archiveVersion = 1;
	classes = {
	};
	objectVersion = 50;
	objects = {

/* Begin PBXBuildFile section */
		2D8288B4269E8F07001E144B /* AppDelegate.swift in Sources */ = {isa = PBXBuildFile; fileRef = 2D8288B3269E8F07001E144B /* AppDelegate.swift */; };
		2D8288B6269E8F07001E144B /* SceneDelegate.swift in Sources */ = {isa = PBXBuildFile; fileRef = 2D8288B5269E8F07001E144B /* SceneDelegate.swift */; };
		2D8288B8269E8F07001E144B /* ViewController.swift in Sources */ = {isa = PBXBuildFile; fileRef = 2D8288B7269E8F07001E144B /* ViewController.swift */; };
		2D8288BB269E8F07001E144B /* Main.storyboard in Resources */ = {isa = PBXBuildFile; fileRef = 2D8288B9269E8F07001E144B /* Main.storyboard */; };
		2D8288BD269E8F08001E144B /* Assets.xcassets in Resources */ = {isa = PBXBuildFile; fileRef = 2D8288BC269E8F08001E144B /* Assets.xcassets */; };
		2D8288C0269E8F08001E144B /* LaunchScreen.storyboard in Resources */ = {isa = PBXBuildFile; fileRef = 2D8288BE269E8F08001E144B /* LaunchScreen.storyboard */; };
		2D8288CB269E8F08001E144B /* DelegateTest_ForQuickAgeTests.swift in Sources */ = {isa = PBXBuildFile; fileRef = 2D8288CA269E8F08001E144B /* DelegateTest_ForQuickAgeTests.swift */; };
		2D8288D6269E8F08001E144B /* DelegateTest_ForQuickAgeUITests.swift in Sources */ = {isa = PBXBuildFile; fileRef = 2D8288D5269E8F08001E144B /* DelegateTest_ForQuickAgeUITests.swift */; };
		2D8288E4269E8F21001E144B /* ShowResultVC.swift in Sources */ = {isa = PBXBuildFile; fileRef = 2D8288E3269E8F21001E144B /* ShowResultVC.swift */; };
		2D8288E6269E8FA6001E144B /* GrobalProps.swift in Sources */ = {isa = PBXBuildFile; fileRef = 2D8288E5269E8FA6001E144B /* GrobalProps.swift */; };
/* End PBXBuildFile section */

/* Begin PBXContainerItemProxy section */
		2D8288C7269E8F08001E144B /* PBXContainerItemProxy */ = {
			isa = PBXContainerItemProxy;
			containerPortal = 2D8288A8269E8F07001E144B /* Project object */;
			proxyType = 1;
			remoteGlobalIDString = 2D8288AF269E8F07001E144B;
			remoteInfo = DelegateTest_ForQuickAge;
		};
		2D8288D2269E8F08001E144B /* PBXContainerItemProxy */ = {
			isa = PBXContainerItemProxy;
			containerPortal = 2D8288A8269E8F07001E144B /* Project object */;
			proxyType = 1;
			remoteGlobalIDString = 2D8288AF269E8F07001E144B;
			remoteInfo = DelegateTest_ForQuickAge;
		};
/* End PBXContainerItemProxy section */

/* Begin PBXFileReference section */
		2D8288B0269E8F07001E144B /* DelegateTest_ForQuickAge.app */ = {isa = PBXFileReference; explicitFileType = wrapper.application; includeInIndex = 0; path = DelegateTest_ForQuickAge.app; sourceTree = BUILT_PRODUCTS_DIR; };
		2D8288B3269E8F07001E144B /* AppDelegate.swift */ = {isa = PBXFileReference; lastKnownFileType = sourcecode.swift; path = AppDelegate.swift; sourceTree = "<group>"; };
		2D8288B5269E8F07001E144B /* SceneDelegate.swift */ = {isa = PBXFileReference; lastKnownFileType = sourcecode.swift; path = SceneDelegate.swift; sourceTree = "<group>"; };
		2D8288B7269E8F07001E144B /* ViewController.swift */ = {isa = PBXFileReference; lastKnownFileType = sourcecode.swift; path = ViewController.swift; sourceTree = "<group>"; };
		2D8288BA269E8F07001E144B /* Base */ = {isa = PBXFileReference; lastKnownFileType = file.storyboard; name = Base; path = Base.lproj/Main.storyboard; sourceTree = "<group>"; };
		2D8288BC269E8F08001E144B /* Assets.xcassets */ = {isa = PBXFileReference; lastKnownFileType = folder.assetcatalog; path = Assets.xcassets; sourceTree = "<group>"; };
		2D8288BF269E8F08001E144B /* Base */ = {isa = PBXFileReference; lastKnownFileType = file.storyboard; name = Base; path = Base.lproj/LaunchScreen.storyboard; sourceTree = "<group>"; };
		2D8288C1269E8F08001E144B /* Info.plist */ = {isa = PBXFileReference; lastKnownFileType = text.plist.xml; path = Info.plist; sourceTree = "<group>"; };
		2D8288C6269E8F08001E144B /* DelegateTest_ForQuickAgeTests.xctest */ = {isa = PBXFileReference; explicitFileType = wrapper.cfbundle; includeInIndex = 0; path = DelegateTest_ForQuickAgeTests.xctest; sourceTree = BUILT_PRODUCTS_DIR; };
		2D8288CA269E8F08001E144B /* DelegateTest_ForQuickAgeTests.swift */ = {isa = PBXFileReference; lastKnownFileType = sourcecode.swift; path = DelegateTest_ForQuickAgeTests.swift; sourceTree = "<group>"; };
		2D8288CC269E8F08001E144B /* Info.plist */ = {isa = PBXFileReference; lastKnownFileType = text.plist.xml; path = Info.plist; sourceTree = "<group>"; };
		2D8288D1269E8F08001E144B /* DelegateTest_ForQuickAgeUITests.xctest */ = {isa = PBXFileReference; explicitFileType = wrapper.cfbundle; includeInIndex = 0; path = DelegateTest_ForQuickAgeUITests.xctest; sourceTree = BUILT_PRODUCTS_DIR; };
		2D8288D5269E8F08001E144B /* DelegateTest_ForQuickAgeUITests.swift */ = {isa = PBXFileReference; lastKnownFileType = sourcecode.swift; path = DelegateTest_ForQuickAgeUITests.swift; sourceTree = "<group>"; };
		2D8288D7269E8F08001E144B /* Info.plist */ = {isa = PBXFileReference; lastKnownFileType = text.plist.xml; path = Info.plist; sourceTree = "<group>"; };
		2D8288E3269E8F21001E144B /* ShowResultVC.swift */ = {isa = PBXFileReference; lastKnownFileType = sourcecode.swift; path = ShowResultVC.swift; sourceTree = "<group>"; };
		2D8288E5269E8FA6001E144B /* GrobalProps.swift */ = {isa = PBXFileReference; lastKnownFileType = sourcecode.swift; path = GrobalProps.swift; sourceTree = "<group>"; };
/* End PBXFileReference section */

/* Begin PBXFrameworksBuildPhase section */
		2D8288AD269E8F07001E144B /* Frameworks */ = {
			isa = PBXFrameworksBuildPhase;
			buildActionMask = 2147483647;
			files = (
			);
			runOnlyForDeploymentPostprocessing = 0;
		};
		2D8288C3269E8F08001E144B /* Frameworks */ = {
			isa = PBXFrameworksBuildPhase;
			buildActionMask = 2147483647;
			files = (
			);
			runOnlyForDeploymentPostprocessing = 0;
		};
		2D8288CE269E8F08001E144B /* Frameworks */ = {
			isa = PBXFrameworksBuildPhase;
			buildActionMask = 2147483647;
			files = (
			);
			runOnlyForDeploymentPostprocessing = 0;
		};
/* End PBXFrameworksBuildPhase section */

/* Begin PBXGroup section */
		2D8288A7269E8F07001E144B = {
			isa = PBXGroup;
			children = (
				2D8288B2269E8F07001E144B /* DelegateTest_ForQuickAge */,
				2D8288C9269E8F08001E144B /* DelegateTest_ForQuickAgeTests */,
				2D8288D4269E8F08001E144B /* DelegateTest_ForQuickAgeUITests */,
				2D8288B1269E8F07001E144B /* Products */,
			);
			sourceTree = "<group>";
		};
		2D8288B1269E8F07001E144B /* Products */ = {
			isa = PBXGroup;
			children = (
				2D8288B0269E8F07001E144B /* DelegateTest_ForQuickAge.app */,
				2D8288C6269E8F08001E144B /* DelegateTest_ForQuickAgeTests.xctest */,
				2D8288D1269E8F08001E144B /* DelegateTest_ForQuickAgeUITests.xctest */,
			);
			name = Products;
			sourceTree = "<group>";
		};
		2D8288B2269E8F07001E144B /* DelegateTest_ForQuickAge */ = {
			isa = PBXGroup;
			children = (
				2D8288B3269E8F07001E144B /* AppDelegate.swift */,
				2D8288B5269E8F07001E144B /* SceneDelegate.swift */,
				2D8288B7269E8F07001E144B /* ViewController.swift */,
				2D8288E5269E8FA6001E144B /* GrobalProps.swift */,
				2D8288E3269E8F21001E144B /* ShowResultVC.swift */,
				2D8288B9269E8F07001E144B /* Main.storyboard */,
				2D8288BC269E8F08001E144B /* Assets.xcassets */,
				2D8288BE269E8F08001E144B /* LaunchScreen.storyboard */,
				2D8288C1269E8F08001E144B /* Info.plist */,
			);
			path = DelegateTest_ForQuickAge;
			sourceTree = "<group>";
		};
		2D8288C9269E8F08001E144B /* DelegateTest_ForQuickAgeTests */ = {
			isa = PBXGroup;
			children = (
				2D8288CA269E8F08001E144B /* DelegateTest_ForQuickAgeTests.swift */,
				2D8288CC269E8F08001E144B /* Info.plist */,
			);
			path = DelegateTest_ForQuickAgeTests;
			sourceTree = "<group>";
		};
		2D8288D4269E8F08001E144B /* DelegateTest_ForQuickAgeUITests */ = {
			isa = PBXGroup;
			children = (
				2D8288D5269E8F08001E144B /* DelegateTest_ForQuickAgeUITests.swift */,
				2D8288D7269E8F08001E144B /* Info.plist */,
			);
			path = DelegateTest_ForQuickAgeUITests;
			sourceTree = "<group>";
		};
/* End PBXGroup section */

/* Begin PBXNativeTarget section */
		2D8288AF269E8F07001E144B /* DelegateTest_ForQuickAge */ = {
			isa = PBXNativeTarget;
			buildConfigurationList = 2D8288DA269E8F08001E144B /* Build configuration list for PBXNativeTarget "DelegateTest_ForQuickAge" */;
			buildPhases = (
				2D8288AC269E8F07001E144B /* Sources */,
				2D8288AD269E8F07001E144B /* Frameworks */,
				2D8288AE269E8F07001E144B /* Resources */,
			);
			buildRules = (
			);
			dependencies = (
			);
			name = DelegateTest_ForQuickAge;
			productName = DelegateTest_ForQuickAge;
			productReference = 2D8288B0269E8F07001E144B /* DelegateTest_ForQuickAge.app */;
			productType = "com.apple.product-type.application";
		};
		2D8288C5269E8F08001E144B /* DelegateTest_ForQuickAgeTests */ = {
			isa = PBXNativeTarget;
			buildConfigurationList = 2D8288DD269E8F08001E144B /* Build configuration list for PBXNativeTarget "DelegateTest_ForQuickAgeTests" */;
			buildPhases = (
				2D8288C2269E8F08001E144B /* Sources */,
				2D8288C3269E8F08001E144B /* Frameworks */,
				2D8288C4269E8F08001E144B /* Resources */,
			);
			buildRules = (
			);
			dependencies = (
				2D8288C8269E8F08001E144B /* PBXTargetDependency */,
			);
			name = DelegateTest_ForQuickAgeTests;
			productName = DelegateTest_ForQuickAgeTests;
			productReference = 2D8288C6269E8F08001E144B /* DelegateTest_ForQuickAgeTests.xctest */;
			productType = "com.apple.product-type.bundle.unit-test";
		};
		2D8288D0269E8F08001E144B /* DelegateTest_ForQuickAgeUITests */ = {
			isa = PBXNativeTarget;
			buildConfigurationList = 2D8288E0269E8F08001E144B /* Build configuration list for PBXNativeTarget "DelegateTest_ForQuickAgeUITests" */;
			buildPhases = (
				2D8288CD269E8F08001E144B /* Sources */,
				2D8288CE269E8F08001E144B /* Frameworks */,
				2D8288CF269E8F08001E144B /* Resources */,
			);
			buildRules = (
			);
			dependencies = (
				2D8288D3269E8F08001E144B /* PBXTargetDependency */,
			);
			name = DelegateTest_ForQuickAgeUITests;
			productName = DelegateTest_ForQuickAgeUITests;
			productReference = 2D8288D1269E8F08001E144B /* DelegateTest_ForQuickAgeUITests.xctest */;
			productType = "com.apple.product-type.bundle.ui-testing";
		};
/* End PBXNativeTarget section */

/* Begin PBXProject section */
		2D8288A8269E8F07001E144B /* Project object */ = {
			isa = PBXProject;
			attributes = {
				LastSwiftUpdateCheck = 1250;
				LastUpgradeCheck = 1250;
				TargetAttributes = {
					2D8288AF269E8F07001E144B = {
						CreatedOnToolsVersion = 12.5.1;
					};
					2D8288C5269E8F08001E144B = {
						CreatedOnToolsVersion = 12.5.1;
						TestTargetID = 2D8288AF269E8F07001E144B;
					};
					2D8288D0269E8F08001E144B = {
						CreatedOnToolsVersion = 12.5.1;
						TestTargetID = 2D8288AF269E8F07001E144B;
					};
				};
			};
			buildConfigurationList = 2D8288AB269E8F07001E144B /* Build configuration list for PBXProject "DelegateTest_ForQuickAge" */;
			compatibilityVersion = "Xcode 9.3";
			developmentRegion = en;
			hasScannedForEncodings = 0;
			knownRegions = (
				en,
				Base,
			);
			mainGroup = 2D8288A7269E8F07001E144B;
			productRefGroup = 2D8288B1269E8F07001E144B /* Products */;
			projectDirPath = "";
			projectRoot = "";
			targets = (
				2D8288AF269E8F07001E144B /* DelegateTest_ForQuickAge */,
				2D8288C5269E8F08001E144B /* DelegateTest_ForQuickAgeTests */,
				2D8288D0269E8F08001E144B /* DelegateTest_ForQuickAgeUITests */,
			);
		};
/* End PBXProject section */

/* Begin PBXResourcesBuildPhase section */
		2D8288AE269E8F07001E144B /* Resources */ = {
			isa = PBXResourcesBuildPhase;
			buildActionMask = 2147483647;
			files = (
				2D8288C0269E8F08001E144B /* LaunchScreen.storyboard in Resources */,
				2D8288BD269E8F08001E144B /* Assets.xcassets in Resources */,
				2D8288BB269E8F07001E144B /* Main.storyboard in Resources */,
			);
			runOnlyForDeploymentPostprocessing = 0;
		};
		2D8288C4269E8F08001E144B /* Resources */ = {
			isa = PBXResourcesBuildPhase;
			buildActionMask = 2147483647;
			files = (
			);
			runOnlyForDeploymentPostprocessing = 0;
		};
		2D8288CF269E8F08001E144B /* Resources */ = {
			isa = PBXResourcesBuildPhase;
			buildActionMask = 2147483647;
			files = (
			);
			runOnlyForDeploymentPostprocessing = 0;
		};
/* End PBXResourcesBuildPhase section */

/* Begin PBXSourcesBuildPhase section */
		2D8288AC269E8F07001E144B /* Sources */ = {
			isa = PBXSourcesBuildPhase;
			buildActionMask = 2147483647;
			files = (
				2D8288B8269E8F07001E144B /* ViewController.swift in Sources */,
				2D8288B4269E8F07001E144B /* AppDelegate.swift in Sources */,
				2D8288E6269E8FA6001E144B /* GrobalProps.swift in Sources */,
				2D8288E4269E8F21001E144B /* ShowResultVC.swift in Sources */,
				2D8288B6269E8F07001E144B /* SceneDelegate.swift in Sources */,
			);
			runOnlyForDeploymentPostprocessing = 0;
		};
		2D8288C2269E8F08001E144B /* Sources */ = {
			isa = PBXSourcesBuildPhase;
			buildActionMask = 2147483647;
			files = (
				2D8288CB269E8F08001E144B /* DelegateTest_ForQuickAgeTests.swift in Sources */,
			);
			runOnlyForDeploymentPostprocessing = 0;
		};
		2D8288CD269E8F08001E144B /* Sources */ = {
			isa = PBXSourcesBuildPhase;
			buildActionMask = 2147483647;
			files = (
				2D8288D6269E8F08001E144B /* DelegateTest_ForQuickAgeUITests.swift in Sources */,
			);
			runOnlyForDeploymentPostprocessing = 0;
		};
/* End PBXSourcesBuildPhase section */

/* Begin PBXTargetDependency section */
		2D8288C8269E8F08001E144B /* PBXTargetDependency */ = {
			isa = PBXTargetDependency;
			target = 2D8288AF269E8F07001E144B /* DelegateTest_ForQuickAge */;
			targetProxy = 2D8288C7269E8F08001E144B /* PBXContainerItemProxy */;
		};
		2D8288D3269E8F08001E144B /* PBXTargetDependency */ = {
			isa = PBXTargetDependency;
			target = 2D8288AF269E8F07001E144B /* DelegateTest_ForQuickAge */;
			targetProxy = 2D8288D2269E8F08001E144B /* PBXContainerItemProxy */;
		};
/* End PBXTargetDependency section */

/* Begin PBXVariantGroup section */
		2D8288B9269E8F07001E144B /* Main.storyboard */ = {
			isa = PBXVariantGroup;
			children = (
				2D8288BA269E8F07001E144B /* Base */,
			);
			name = Main.storyboard;
			sourceTree = "<group>";
		};
		2D8288BE269E8F08001E144B /* LaunchScreen.storyboard */ = {
			isa = PBXVariantGroup;
			children = (
				2D8288BF269E8F08001E144B /* Base */,
			);
			name = LaunchScreen.storyboard;
			sourceTree = "<group>";
		};
/* End PBXVariantGroup section */

/* Begin XCBuildConfiguration section */
		2D8288D8269E8F08001E144B /* Debug */ = {
			isa = XCBuildConfiguration;
			buildSettings = {
				ALWAYS_SEARCH_USER_PATHS = NO;
				CLANG_ANALYZER_NONNULL = YES;
				CLANG_ANALYZER_NUMBER_OBJECT_CONVERSION = YES_AGGRESSIVE;
				CLANG_CXX_LANGUAGE_STANDARD = "gnu++14";
				CLANG_CXX_LIBRARY = "libc++";
				CLANG_ENABLE_MODULES = YES;
				CLANG_ENABLE_OBJC_ARC = YES;
				CLANG_ENABLE_OBJC_WEAK = YES;
				CLANG_WARN_BLOCK_CAPTURE_AUTORELEASING = YES;
				CLANG_WARN_BOOL_CONVERSION = YES;
				CLANG_WARN_COMMA = YES;
				CLANG_WARN_CONSTANT_CONVERSION = YES;
				CLANG_WARN_DEPRECATED_OBJC_IMPLEMENTATIONS = YES;
				CLANG_WARN_DIRECT_OBJC_ISA_USAGE = YES_ERROR;
				CLANG_WARN_DOCUMENTATION_COMMENTS = YES;
				CLANG_WARN_EMPTY_BODY = YES;
				CLANG_WARN_ENUM_CONVERSION = YES;
				CLANG_WARN_INFINITE_RECURSION = YES;
				CLANG_WARN_INT_CONVERSION = YES;
				CLANG_WARN_NON_LITERAL_NULL_CONVERSION = YES;
				CLANG_WARN_OBJC_IMPLICIT_RETAIN_SELF = YES;
				CLANG_WARN_OBJC_LITERAL_CONVERSION = YES;
				CLANG_WARN_OBJC_ROOT_CLASS = YES_ERROR;
				CLANG_WARN_QUOTED_INCLUDE_IN_FRAMEWORK_HEADER = YES;
				CLANG_WARN_RANGE_LOOP_ANALYSIS = YES;
				CLANG_WARN_STRICT_PROTOTYPES = YES;
				CLANG_WARN_SUSPICIOUS_MOVE = YES;
				CLANG_WARN_UNGUARDED_AVAILABILITY = YES_AGGRESSIVE;
				CLANG_WARN_UNREACHABLE_CODE = YES;
				CLANG_WARN__DUPLICATE_METHOD_MATCH = YES;
				COPY_PHASE_STRIP = NO;
				DEBUG_INFORMATION_FORMAT = dwarf;
				ENABLE_STRICT_OBJC_MSGSEND = YES;
				ENABLE_TESTABILITY = YES;
				GCC_C_LANGUAGE_STANDARD = gnu11;
				GCC_DYNAMIC_NO_PIC = NO;
				GCC_NO_COMMON_BLOCKS = YES;
				GCC_OPTIMIZATION_LEVEL = 0;
				GCC_PREPROCESSOR_DEFINITIONS = (
					"DEBUG=1",
					"$(inherited)",
				);
				GCC_WARN_64_TO_32_BIT_CONVERSION = YES;
				GCC_WARN_ABOUT_RETURN_TYPE = YES_ERROR;
				GCC_WARN_UNDECLARED_SELECTOR = YES;
				GCC_WARN_UNINITIALIZED_AUTOS = YES_AGGRESSIVE;
				GCC_WARN_UNUSED_FUNCTION = YES;
				GCC_WARN_UNUSED_VARIABLE = YES;
				IPHONEOS_DEPLOYMENT_TARGET = 14.5;
				MTL_ENABLE_DEBUG_INFO = INCLUDE_SOURCE;
				MTL_FAST_MATH = YES;
				ONLY_ACTIVE_ARCH = YES;
				SDKROOT = iphoneos;
				SWIFT_ACTIVE_COMPILATION_CONDITIONS = DEBUG;
				SWIFT_OPTIMIZATION_LEVEL = "-Onone";
			};
			name = Debug;
		};
		2D8288D9269E8F08001E144B /* Release */ = {
			isa = XCBuildConfiguration;
			buildSettings = {
				ALWAYS_SEARCH_USER_PATHS = NO;
				CLANG_ANALYZER_NONNULL = YES;
				CLANG_ANALYZER_NUMBER_OBJECT_CONVERSION = YES_AGGRESSIVE;
				CLANG_CXX_LANGUAGE_STANDARD = "gnu++14";
				CLANG_CXX_LIBRARY = "libc++";
				CLANG_ENABLE_MODULES = YES;
				CLANG_ENABLE_OBJC_ARC = YES;
				CLANG_ENABLE_OBJC_WEAK = YES;
				CLANG_WARN_BLOCK_CAPTURE_AUTORELEASING = YES;
				CLANG_WARN_BOOL_CONVERSION = YES;
				CLANG_WARN_COMMA = YES;
				CLANG_WARN_CONSTANT_CONVERSION = YES;
				CLANG_WARN_DEPRECATED_OBJC_IMPLEMENTATIONS = YES;
				CLANG_WARN_DIRECT_OBJC_ISA_USAGE = YES_ERROR;
				CLANG_WARN_DOCUMENTATION_COMMENTS = YES;
				CLANG_WARN_EMPTY_BODY = YES;
				CLANG_WARN_ENUM_CONVERSION = YES;
				CLANG_WARN_INFINITE_RECURSION = YES;
				CLANG_WARN_INT_CONVERSION = YES;
				CLANG_WARN_NON_LITERAL_NULL_CONVERSION = YES;
				CLANG_WARN_OBJC_IMPLICIT_RETAIN_SELF = YES;
				CLANG_WARN_OBJC_LITERAL_CONVERSION = YES;
				CLANG_WARN_OBJC_ROOT_CLASS = YES_ERROR;
				CLANG_WARN_QUOTED_INCLUDE_IN_FRAMEWORK_HEADER = YES;
				CLANG_WARN_RANGE_LOOP_ANALYSIS = YES;
				CLANG_WARN_STRICT_PROTOTYPES = YES;
				CLANG_WARN_SUSPICIOUS_MOVE = YES;
				CLANG_WARN_UNGUARDED_AVAILABILITY = YES_AGGRESSIVE;
				CLANG_WARN_UNREACHABLE_CODE = YES;
				CLANG_WARN__DUPLICATE_METHOD_MATCH = YES;
				COPY_PHASE_STRIP = NO;
				DEBUG_INFORMATION_FORMAT = "dwarf-with-dsym";
				ENABLE_NS_ASSERTIONS = NO;
				ENABLE_STRICT_OBJC_MSGSEND = YES;
				GCC_C_LANGUAGE_STANDARD = gnu11;
				GCC_NO_COMMON_BLOCKS = YES;
				GCC_WARN_64_TO_32_BIT_CONVERSION = YES;
				GCC_WARN_ABOUT_RETURN_TYPE = YES_ERROR;
				GCC_WARN_UNDECLARED_SELECTOR = YES;
				GCC_WARN_UNINITIALIZED_AUTOS = YES_AGGRESSIVE;
				GCC_WARN_UNUSED_FUNCTION = YES;
				GCC_WARN_UNUSED_VARIABLE = YES;
				IPHONEOS_DEPLOYMENT_TARGET = 14.5;
				MTL_ENABLE_DEBUG_INFO = NO;
				MTL_FAST_MATH = YES;
				SDKROOT = iphoneos;
				SWIFT_COMPILATION_MODE = wholemodule;
				SWIFT_OPTIMIZATION_LEVEL = "-O";
				VALIDATE_PRODUCT = YES;
			};
			name = Release;
		};
		2D8288DB269E8F08001E144B /* Debug */ = {
			isa = XCBuildConfiguration;
			buildSettings = {
				ASSETCATALOG_COMPILER_APPICON_NAME = AppIcon;
				ASSETCATALOG_COMPILER_GLOBAL_ACCENT_COLOR_NAME = AccentColor;
				CODE_SIGN_STYLE = Automatic;
				DEVELOPMENT_TEAM = 54CLR898C4;
				INFOPLIST_FILE = DelegateTest_ForQuickAge/Info.plist;
				LD_RUNPATH_SEARCH_PATHS = (
					"$(inherited)",
					"@executable_path/Frameworks",
				);
				PRODUCT_BUNDLE_IDENTIFIER = "com.gmail.vitoyaokatsuhiko.DelegateTest-ForQuickAge";
				PRODUCT_NAME = "$(TARGET_NAME)";
				SWIFT_VERSION = 5.0;
				TARGETED_DEVICE_FAMILY = "1,2";
			};
			name = Debug;
		};
		2D8288DC269E8F08001E144B /* Release */ = {
			isa = XCBuildConfiguration;
			buildSettings = {
				ASSETCATALOG_COMPILER_APPICON_NAME = AppIcon;
				ASSETCATALOG_COMPILER_GLOBAL_ACCENT_COLOR_NAME = AccentColor;
				CODE_SIGN_STYLE = Automatic;
				DEVELOPMENT_TEAM = 54CLR898C4;
				INFOPLIST_FILE = DelegateTest_ForQuickAge/Info.plist;
				LD_RUNPATH_SEARCH_PATHS = (
					"$(inherited)",
					"@executable_path/Frameworks",
				);
				PRODUCT_BUNDLE_IDENTIFIER = "com.gmail.vitoyaokatsuhiko.DelegateTest-ForQuickAge";
				PRODUCT_NAME = "$(TARGET_NAME)";
				SWIFT_VERSION = 5.0;
				TARGETED_DEVICE_FAMILY = "1,2";
			};
			name = Release;
		};
		2D8288DE269E8F08001E144B /* Debug */ = {
			isa = XCBuildConfiguration;
			buildSettings = {
				ALWAYS_EMBED_SWIFT_STANDARD_LIBRARIES = YES;
				BUNDLE_LOADER = "$(TEST_HOST)";
				CODE_SIGN_STYLE = Automatic;
				DEVELOPMENT_TEAM = 54CLR898C4;
				INFOPLIST_FILE = DelegateTest_ForQuickAgeTests/Info.plist;
				IPHONEOS_DEPLOYMENT_TARGET = 14.5;
				LD_RUNPATH_SEARCH_PATHS = (
					"$(inherited)",
					"@executable_path/Frameworks",
					"@loader_path/Frameworks",
				);
				PRODUCT_BUNDLE_IDENTIFIER = "com.gmail.vitoyaokatsuhiko.DelegateTest-ForQuickAgeTests";
				PRODUCT_NAME = "$(TARGET_NAME)";
				SWIFT_VERSION = 5.0;
				TARGETED_DEVICE_FAMILY = "1,2";
				TEST_HOST = "$(BUILT_PRODUCTS_DIR)/DelegateTest_ForQuickAge.app/DelegateTest_ForQuickAge";
			};
			name = Debug;
		};
		2D8288DF269E8F08001E144B /* Release */ = {
			isa = XCBuildConfiguration;
			buildSettings = {
				ALWAYS_EMBED_SWIFT_STANDARD_LIBRARIES = YES;
				BUNDLE_LOADER = "$(TEST_HOST)";
				CODE_SIGN_STYLE = Automatic;
				DEVELOPMENT_TEAM = 54CLR898C4;
				INFOPLIST_FILE = DelegateTest_ForQuickAgeTests/Info.plist;
				IPHONEOS_DEPLOYMENT_TARGET = 14.5;
				LD_RUNPATH_SEARCH_PATHS = (
					"$(inherited)",
					"@executable_path/Frameworks",
					"@loader_path/Frameworks",
				);
				PRODUCT_BUNDLE_IDENTIFIER = "com.gmail.vitoyaokatsuhiko.DelegateTest-ForQuickAgeTests";
				PRODUCT_NAME = "$(TARGET_NAME)";
				SWIFT_VERSION = 5.0;
				TARGETED_DEVICE_FAMILY = "1,2";
				TEST_HOST = "$(BUILT_PRODUCTS_DIR)/DelegateTest_ForQuickAge.app/DelegateTest_ForQuickAge";
			};
			name = Release;
		};
		2D8288E1269E8F08001E144B /* Debug */ = {
			isa = XCBuildConfiguration;
			buildSettings = {
				ALWAYS_EMBED_SWIFT_STANDARD_LIBRARIES = YES;
				CODE_SIGN_STYLE = Automatic;
				DEVELOPMENT_TEAM = 54CLR898C4;
				INFOPLIST_FILE = DelegateTest_ForQuickAgeUITests/Info.plist;
				LD_RUNPATH_SEARCH_PATHS = (
					"$(inherited)",
					"@executable_path/Frameworks",
					"@loader_path/Frameworks",
				);
				PRODUCT_BUNDLE_IDENTIFIER = "com.gmail.vitoyaokatsuhiko.DelegateTest-ForQuickAgeUITests";
				PRODUCT_NAME = "$(TARGET_NAME)";
				SWIFT_VERSION = 5.0;
				TARGETED_DEVICE_FAMILY = "1,2";
				TEST_TARGET_NAME = DelegateTest_ForQuickAge;
			};
			name = Debug;
		};
		2D8288E2269E8F08001E144B /* Release */ = {
			isa = XCBuildConfiguration;
			buildSettings = {
				ALWAYS_EMBED_SWIFT_STANDARD_LIBRARIES = YES;
				CODE_SIGN_STYLE = Automatic;
				DEVELOPMENT_TEAM = 54CLR898C4;
				INFOPLIST_FILE = DelegateTest_ForQuickAgeUITests/Info.plist;
				LD_RUNPATH_SEARCH_PATHS = (
					"$(inherited)",
					"@executable_path/Frameworks",
					"@loader_path/Frameworks",
				);
				PRODUCT_BUNDLE_IDENTIFIER = "com.gmail.vitoyaokatsuhiko.DelegateTest-ForQuickAgeUITests";
				PRODUCT_NAME = "$(TARGET_NAME)";
				SWIFT_VERSION = 5.0;
				TARGETED_DEVICE_FAMILY = "1,2";
				TEST_TARGET_NAME = DelegateTest_ForQuickAge;
			};
			name = Release;
		};
/* End XCBuildConfiguration section */

/* Begin XCConfigurationList section */
		2D8288AB269E8F07001E144B /* Build configuration list for PBXProject "DelegateTest_ForQuickAge" */ = {
			isa = XCConfigurationList;
			buildConfigurations = (
				2D8288D8269E8F08001E144B /* Debug */,
				2D8288D9269E8F08001E144B /* Release */,
			);
			defaultConfigurationIsVisible = 0;
			defaultConfigurationName = Release;
		};
		2D8288DA269E8F08001E144B /* Build configuration list for PBXNativeTarget "DelegateTest_ForQuickAge" */ = {
			isa = XCConfigurationList;
			buildConfigurations = (
				2D8288DB269E8F08001E144B /* Debug */,
				2D8288DC269E8F08001E144B /* Release */,
			);
			defaultConfigurationIsVisible = 0;
			defaultConfigurationName = Release;
		};
		2D8288DD269E8F08001E144B /* Build configuration list for PBXNativeTarget "DelegateTest_ForQuickAgeTests" */ = {
			isa = XCConfigurationList;
			buildConfigurations = (
				2D8288DE269E8F08001E144B /* Debug */,
				2D8288DF269E8F08001E144B /* Release */,
			);
			defaultConfigurationIsVisible = 0;
			defaultConfigurationName = Release;
		};
		2D8288E0269E8F08001E144B /* Build configuration list for PBXNativeTarget "DelegateTest_ForQuickAgeUITests" */ = {
			isa = XCConfigurationList;
			buildConfigurations = (
				2D8288E1269E8F08001E144B /* Debug */,
				2D8288E2269E8F08001E144B /* Release */,
			);
			defaultConfigurationIsVisible = 0;
			defaultConfigurationName = Release;
		};
/* End XCConfigurationList section */
	};
	rootObject = 2D8288A8269E8F07001E144B /* Project object */;
}
